
Microsoft Visual Studio Solution File, Format Version 12.00
# Visual Studio 14
VisualStudioVersion = 14.0.24720.0
MinimumVisualStudioVersion = 10.0.40219.1
Project("{FAE04EC0-301F-11D3-BF4B-00C04F79EFBC}") = "FaceState", "FaceState\FaceState.csproj", "{E8769513-859B-4DA5-9157-602FEC4246A7}"
EndProject
Global
	GlobalSection(SolutionConfigurationPlatforms) = preSolution
		Debug|Any CPU = Debug|Any CPU
		Release|Any CPU = Release|Any CPU
	EndGlobalSection
	GlobalSection(ProjectConfigurationPlatforms) = postSolution
		{E8769513-859B-4DA5-9157-602FEC4246A7}.Debug|Any CPU.ActiveCfg = Debug|Any CPU
		{E8769513-859B-4DA5-9157-602FEC4246A7}.Debug|Any CPU.Build.0 = Debug|Any CPU
		{E8769513-859B-4DA5-9157-602FEC4246A7}.Release|Any CPU.ActiveCfg = Release|Any CPU
		{E8769513-859B-4DA5-9157-602FEC4246A7}.Release|Any CPU.Build.0 = Release|Any CPU
	EndGlobalSection
	GlobalSection(SolutionProperties) = preSolution
		HideSolutionNode = FALSE
	EndGlobalSection
	GlobalSection(ExtensibilityGlobals) = postSolution
		SolutionGuid = {7BE4F2FA-52FF-439E-A802-F72781F83ABA}
	EndGlobalSection
EndGlobal
