
Microsoft Visual Studio Solution File, Format Version 12.00
# Visual Studio 15
VisualStudioVersion = 15.0.27130.2010
MinimumVisualStudioVersion = 10.0.40219.1
Project("{FAE04EC0-301F-11D3-BF4B-00C04F79EFBC}") = "SocketServerTO1705", "SocketServerTO1705.csproj", "{F7693844-6954-48AF-9180-9CDC42E0330D}"
EndProject
Global
	GlobalSection(SolutionConfigurationPlatforms) = preSolution
		Debug|Any CPU = Debug|Any CPU
		Release|Any CPU = Release|Any CPU
	EndGlobalSection
	GlobalSection(ProjectConfigurationPlatforms) = postSolution
		{F7693844-6954-48AF-9180-9CDC42E0330D}.Debug|Any CPU.ActiveCfg = Debug|Any CPU
		{F7693844-6954-48AF-9180-9CDC42E0330D}.Debug|Any CPU.Build.0 = Debug|Any CPU
		{F7693844-6954-48AF-9180-9CDC42E0330D}.Release|Any CPU.ActiveCfg = Release|Any CPU
		{F7693844-6954-48AF-9180-9CDC42E0330D}.Release|Any CPU.Build.0 = Release|Any CPU
	EndGlobalSection
	GlobalSection(SolutionProperties) = preSolution
		HideSolutionNode = FALSE
	EndGlobalSection
	GlobalSection(ExtensibilityGlobals) = postSolution
		SolutionGuid = {B50E3987-D4F0-4D90-868A-F8FEB6B9D61E}
	EndGlobalSection
EndGlobal
